
Microsoft Visual Studio Solution File, Format Version 12.00
# Visual Studio Version 16
VisualStudioVersion = 16.0.31321.278
MinimumVisualStudioVersion = 10.0.40219.1
Project("{FAE04EC0-301F-11D3-BF4B-00C04F79EFBC}") = "LRU", "LRU\LRU.csproj", "{16325EE3-2B96-40A3-950C-B12C4D427F2B}"
EndProject
Global
	GlobalSection(SolutionConfigurationPlatforms) = preSolution
		Debug|Any CPU = Debug|Any CPU
		Release|Any CPU = Release|Any CPU
	EndGlobalSection
	GlobalSection(ProjectConfigurationPlatforms) = postSolution
		{16325EE3-2B96-40A3-950C-B12C4D427F2B}.Debug|Any CPU.ActiveCfg = Debug|Any CPU
		{16325EE3-2B96-40A3-950C-B12C4D427F2B}.Debug|Any CPU.Build.0 = Debug|Any CPU
		{16325EE3-2B96-40A3-950C-B12C4D427F2B}.Release|Any CPU.ActiveCfg = Release|Any CPU
		{16325EE3-2B96-40A3-950C-B12C4D427F2B}.Release|Any CPU.Build.0 = Release|Any CPU
	EndGlobalSection
	GlobalSection(SolutionProperties) = preSolution
		HideSolutionNode = FALSE
	EndGlobalSection
	GlobalSection(ExtensibilityGlobals) = postSolution
		SolutionGuid = {DC9029DD-C92A-42EE-A3D2-808215348254}
	EndGlobalSection
EndGlobal
